<Solution>
  <Configurations>
    <Platform Name="Any CPU" />
    <Platform Name="arm64" />
    <Platform Name="x86" />
  </Configurations>
  <Project Path="Ashpro.CodeAssistant/Ashpro.CodeAssistant.csproj" Id="5c027d15-88e8-4e3c-9099-d75d1437c0b1">
    <Platform Solution="*|arm64" Project="arm64" />
    <Platform Solution="*|x86" Project="x86" />
  </Project>
</Solution>
